
Microsoft Visual Studio Solution File, Format Version 12.00
# Visual Studio Version 17
VisualStudioVersion = 17.3.32825.248
MinimumVisualStudioVersion = 10.0.40219.1
Project("{FAE04EC0-301F-11D3-BF4B-00C04F79EFBC}") = "TotalCommander", "TotalCommander.csproj", "{144F9520-452E-481A-9597-0743D66C637D}"
EndProject
Global
	GlobalSection(SolutionConfigurationPlatforms) = preSolution
		Debug|Any CPU = Debug|Any CPU
		Release|Any CPU = Release|Any CPU
	EndGlobalSection
	GlobalSection(ProjectConfigurationPlatforms) = postSolution
		{144F9520-452E-481A-9597-0743D66C637D}.Debug|Any CPU.ActiveCfg = Debug|Any CPU
		{144F9520-452E-481A-9597-0743D66C637D}.Debug|Any CPU.Build.0 = Debug|Any CPU
		{144F9520-452E-481A-9597-0743D66C637D}.Release|Any CPU.ActiveCfg = Release|Any CPU
		{144F9520-452E-481A-9597-0743D66C637D}.Release|Any CPU.Build.0 = Release|Any CPU
	EndGlobalSection
	GlobalSection(SolutionProperties) = preSolution
		HideSolutionNode = FALSE
	EndGlobalSection
	GlobalSection(ExtensibilityGlobals) = postSolution
		SolutionGuid = {8D5EFAD7-8F93-4D6F-9344-549E0CC11858}
	EndGlobalSection
EndGlobal
